{
  "pins" : [
    {
      "identity" : "chatassist-sdk-ios",
      "kind" : "remoteSourceControl",
      "location" : "https://github.com/Readyly/chatassist-sdk-ios.git",
      "state" : {
        "revision" : "7a9cd3e5f1860c1459121a31c114516962ddf9d3",
        "version" : "0.1.2"
      }
    }
  ],
  "version" : 2
}
