// !$*UTF8*$!
{
	archiveVersion = 1;
	classes = {
	};
	objectVersion = 56;
	objects = {

/* Begin PBXBuildFile section */
		453459C72C57FD7100FF3541 /* (null) in Frameworks */ = {isa = PBXBuildFile; };
		4545C6312C5815BC00506C1B /* ChatAssist in Frameworks */ = {isa = PBXBuildFile; productRef = 4545C6302C5815BC00506C1B /* ChatAssist */; };
		4550B3292C2646D700F720EA /* ChatViewModel.swift in Sources */ = {isa = PBXBuildFile; fileRef = 4550B3282C2646D700F720EA /* ChatViewModel.swift */; };
		457726582C3FFE4C00DE2723 /* (null) in Frameworks */ = {isa = PBXBuildFile; };
		45A760522C5800F90032BA0F /* (null) in Frameworks */ = {isa = PBXBuildFile; };
		45CEE71C2C1B876800A148BB /* ChatAssistExampleApp.swift in Sources */ = {isa = PBXBuildFile; fileRef = 45CEE71B2C1B876800A148BB /* ChatAssistExampleApp.swift */; };
		45CEE71E2C1B876800A148BB /* ContentView.swift in Sources */ = {isa = PBXBuildFile; fileRef = 45CEE71D2C1B876800A148BB /* ContentView.swift */; };
		45CEE7202C1B876A00A148BB /* Assets.xcassets in Resources */ = {isa = PBXBuildFile; fileRef = 45CEE71F2C1B876A00A148BB /* Assets.xcassets */; };
		45CEE7232C1B876A00A148BB /* Preview Assets.xcassets in Resources */ = {isa = PBXBuildFile; fileRef = 45CEE7222C1B876A00A148BB /* Preview Assets.xcassets */; };
/* End PBXBuildFile section */

/* Begin PBXFileReference section */
		4550B3282C2646D700F720EA /* ChatViewModel.swift */ = {isa = PBXFileReference; lastKnownFileType = sourcecode.swift; path = ChatViewModel.swift; sourceTree = "<group>"; };
		45CEE7182C1B876800A148BB /* ChatAssistExample.app */ = {isa = PBXFileReference; explicitFileType = wrapper.application; includeInIndex = 0; path = ChatAssistExample.app; sourceTree = BUILT_PRODUCTS_DIR; };
		45CEE71B2C1B876800A148BB /* ChatAssistExampleApp.swift */ = {isa = PBXFileReference; lastKnownFileType = sourcecode.swift; path = ChatAssistExampleApp.swift; sourceTree = "<group>"; };
		45CEE71D2C1B876800A148BB /* ContentView.swift */ = {isa = PBXFileReference; lastKnownFileType = sourcecode.swift; path = ContentView.swift; sourceTree = "<group>"; };
		45CEE71F2C1B876A00A148BB /* Assets.xcassets */ = {isa = PBXFileReference; lastKnownFileType = folder.assetcatalog; path = Assets.xcassets; sourceTree = "<group>"; };
		45CEE7222C1B876A00A148BB /* Preview Assets.xcassets */ = {isa = PBXFileReference; lastKnownFileType = folder.assetcatalog; path = "Preview Assets.xcassets"; sourceTree = "<group>"; };
/* End PBXFileReference section */

/* Begin PBXFrameworksBuildPhase section */
		45CEE7152C1B876800A148BB /* Frameworks */ = {
			isa = PBXFrameworksBuildPhase;
			buildActionMask = 2147483647;
			files = (
				457726582C3FFE4C00DE2723 /* (null) in Frameworks */,
				4545C6312C5815BC00506C1B /* ChatAssist in Frameworks */,
				453459C72C57FD7100FF3541 /* (null) in Frameworks */,
				45A760522C5800F90032BA0F /* (null) in Frameworks */,
			);
			runOnlyForDeploymentPostprocessing = 0;
		};
/* End PBXFrameworksBuildPhase section */

/* Begin PBXGroup section */
		45CEE70F2C1B876800A148BB = {
			isa = PBXGroup;
			children = (
				45CEE71A2C1B876800A148BB /* ChatAssistExample */,
				45CEE7192C1B876800A148BB /* Products */,
			);
			sourceTree = "<group>";
		};
		45CEE7192C1B876800A148BB /* Products */ = {
			isa = PBXGroup;
			children = (
				45CEE7182C1B876800A148BB /* ChatAssistExample.app */,
			);
			name = Products;
			sourceTree = "<group>";
		};
		45CEE71A2C1B876800A148BB /* ChatAssistExample */ = {
			isa = PBXGroup;
			children = (
				45CEE71B2C1B876800A148BB /* ChatAssistExampleApp.swift */,
				45CEE71D2C1B876800A148BB /* ContentView.swift */,
				4550B3282C2646D700F720EA /* ChatViewModel.swift */,
				45CEE71F2C1B876A00A148BB /* Assets.xcassets */,
				45CEE7212C1B876A00A148BB /* Preview Content */,
			);
			path = ChatAssistExample;
			sourceTree = "<group>";
		};
		45CEE7212C1B876A00A148BB /* Preview Content */ = {
			isa = PBXGroup;
			children = (
				45CEE7222C1B876A00A148BB /* Preview Assets.xcassets */,
			);
			path = "Preview Content";
			sourceTree = "<group>";
		};
/* End PBXGroup section */

/* Begin PBXNativeTarget section */
		45CEE7172C1B876800A148BB /* ChatAssistExample */ = {
			isa = PBXNativeTarget;
			buildConfigurationList = 45CEE7262C1B876A00A148BB /* Build configuration list for PBXNativeTarget "ChatAssistExample" */;
			buildPhases = (
				45CEE7142C1B876800A148BB /* Sources */,
				45CEE7152C1B876800A148BB /* Frameworks */,
				45CEE7162C1B876800A148BB /* Resources */,
			);
			buildRules = (
			);
			dependencies = (
			);
			name = ChatAssistExample;
			packageProductDependencies = (
				4545C6302C5815BC00506C1B /* ChatAssist */,
			);
			productName = ChatAssistExample;
			productReference = 45CEE7182C1B876800A148BB /* ChatAssistExample.app */;
			productType = "com.apple.product-type.application";
		};
/* End PBXNativeTarget section */

/* Begin PBXProject section */
		45CEE7102C1B876800A148BB /* Project object */ = {
			isa = PBXProject;
			attributes = {
				BuildIndependentTargetsInParallel = 1;
				LastSwiftUpdateCheck = 1430;
				LastUpgradeCheck = 1430;
				TargetAttributes = {
					45CEE7172C1B876800A148BB = {
						CreatedOnToolsVersion = 15.0;
					};
				};
			};
			buildConfigurationList = 45CEE7132C1B876800A148BB /* Build configuration list for PBXProject "ChatAssistExample" */;
			compatibilityVersion = "Xcode 14.0";
			developmentRegion = en;
			hasScannedForEncodings = 0;
			knownRegions = (
				en,
				Base,
			);
			mainGroup = 45CEE70F2C1B876800A148BB;
			packageReferences = (
				4545C62F2C5815BC00506C1B /* XCRemoteSwiftPackageReference "chatassist-sdk-ios" */,
			);
			productRefGroup = 45CEE7192C1B876800A148BB /* Products */;
			projectDirPath = "";
			projectRoot = "";
			targets = (
				45CEE7172C1B876800A148BB /* ChatAssistExample */,
			);
		};
/* End PBXProject section */

/* Begin PBXResourcesBuildPhase section */
		45CEE7162C1B876800A148BB /* Resources */ = {
			isa = PBXResourcesBuildPhase;
			buildActionMask = 2147483647;
			files = (
				45CEE7232C1B876A00A148BB /* Preview Assets.xcassets in Resources */,
				45CEE7202C1B876A00A148BB /* Assets.xcassets in Resources */,
			);
			runOnlyForDeploymentPostprocessing = 0;
		};
/* End PBXResourcesBuildPhase section */

/* Begin PBXSourcesBuildPhase section */
		45CEE7142C1B876800A148BB /* Sources */ = {
			isa = PBXSourcesBuildPhase;
			buildActionMask = 2147483647;
			files = (
				45CEE71E2C1B876800A148BB /* ContentView.swift in Sources */,
				4550B3292C2646D700F720EA /* ChatViewModel.swift in Sources */,
				45CEE71C2C1B876800A148BB /* ChatAssistExampleApp.swift in Sources */,
			);
			runOnlyForDeploymentPostprocessing = 0;
		};
/* End PBXSourcesBuildPhase section */

/* Begin XCBuildConfiguration section */
		45CEE7242C1B876A00A148BB /* Debug */ = {
			isa = XCBuildConfiguration;
			buildSettings = {
				ALWAYS_SEARCH_USER_PATHS = NO;
				ASSETCATALOG_COMPILER_GENERATE_SWIFT_ASSET_SYMBOL_EXTENSIONS = YES;
				CLANG_ANALYZER_NONNULL = YES;
				CLANG_ANALYZER_NUMBER_OBJECT_CONVERSION = YES_AGGRESSIVE;
				CLANG_CXX_LANGUAGE_STANDARD = "gnu++20";
				CLANG_ENABLE_MODULES = YES;
				CLANG_ENABLE_OBJC_ARC = YES;
				CLANG_ENABLE_OBJC_WEAK = YES;
				CLANG_WARN_BLOCK_CAPTURE_AUTORELEASING = YES;
				CLANG_WARN_BOOL_CONVERSION = YES;
				CLANG_WARN_COMMA = YES;
				CLANG_WARN_CONSTANT_CONVERSION = YES;
				CLANG_WARN_DEPRECATED_OBJC_IMPLEMENTATIONS = YES;
				CLANG_WARN_DIRECT_OBJC_ISA_USAGE = YES_ERROR;
				CLANG_WARN_DOCUMENTATION_COMMENTS = YES;
				CLANG_WARN_EMPTY_BODY = YES;
				CLANG_WARN_ENUM_CONVERSION = YES;
				CLANG_WARN_INFINITE_RECURSION = YES;
				CLANG_WARN_INT_CONVERSION = YES;
				CLANG_WARN_NON_LITERAL_NULL_CONVERSION = YES;
				CLANG_WARN_OBJC_IMPLICIT_RETAIN_SELF = YES;
				CLANG_WARN_OBJC_LITERAL_CONVERSION = YES;
				CLANG_WARN_OBJC_ROOT_CLASS = YES_ERROR;
				CLANG_WARN_QUOTED_INCLUDE_IN_FRAMEWORK_HEADER = YES;
				CLANG_WARN_RANGE_LOOP_ANALYSIS = YES;
				CLANG_WARN_STRICT_PROTOTYPES = YES;
				CLANG_WARN_SUSPICIOUS_MOVE = YES;
				CLANG_WARN_UNGUARDED_AVAILABILITY = YES_AGGRESSIVE;
				CLANG_WARN_UNREACHABLE_CODE = YES;
				CLANG_WARN__DUPLICATE_METHOD_MATCH = YES;
				COPY_PHASE_STRIP = NO;
				DEBUG_INFORMATION_FORMAT = dwarf;
				ENABLE_STRICT_OBJC_MSGSEND = YES;
				ENABLE_TESTABILITY = YES;
				ENABLE_USER_SCRIPT_SANDBOXING = YES;
				GCC_C_LANGUAGE_STANDARD = gnu17;
				GCC_DYNAMIC_NO_PIC = NO;
				GCC_NO_COMMON_BLOCKS = YES;
				GCC_OPTIMIZATION_LEVEL = 0;
				GCC_PREPROCESSOR_DEFINITIONS = (
					"DEBUG=1",
					"$(inherited)",
				);
				GCC_WARN_64_TO_32_BIT_CONVERSION = YES;
				GCC_WARN_ABOUT_RETURN_TYPE = YES_ERROR;
				GCC_WARN_UNDECLARED_SELECTOR = YES;
				GCC_WARN_UNINITIALIZED_AUTOS = YES_AGGRESSIVE;
				GCC_WARN_UNUSED_FUNCTION = YES;
				GCC_WARN_UNUSED_VARIABLE = YES;
				IPHONEOS_DEPLOYMENT_TARGET = 15.0;
				LOCALIZATION_PREFERS_STRING_CATALOGS = YES;
				MTL_ENABLE_DEBUG_INFO = INCLUDE_SOURCE;
				MTL_FAST_MATH = YES;
				ONLY_ACTIVE_ARCH = YES;
				SDKROOT = iphoneos;
				SWIFT_ACTIVE_COMPILATION_CONDITIONS = "DEBUG $(inherited)";
				SWIFT_OPTIMIZATION_LEVEL = "-Onone";
			};
			name = Debug;
		};
		45CEE7252C1B876A00A148BB /* Release */ = {
			isa = XCBuildConfiguration;
			buildSettings = {
				ALWAYS_SEARCH_USER_PATHS = NO;
				ASSETCATALOG_COMPILER_GENERATE_SWIFT_ASSET_SYMBOL_EXTENSIONS = YES;
				CLANG_ANALYZER_NONNULL = YES;
				CLANG_ANALYZER_NUMBER_OBJECT_CONVERSION = YES_AGGRESSIVE;
				CLANG_CXX_LANGUAGE_STANDARD = "gnu++20";
				CLANG_ENABLE_MODULES = YES;
				CLANG_ENABLE_OBJC_ARC = YES;
				CLANG_ENABLE_OBJC_WEAK = YES;
				CLANG_WARN_BLOCK_CAPTURE_AUTORELEASING = YES;
				CLANG_WARN_BOOL_CONVERSION = YES;
				CLANG_WARN_COMMA = YES;
				CLANG_WARN_CONSTANT_CONVERSION = YES;
				CLANG_WARN_DEPRECATED_OBJC_IMPLEMENTATIONS = YES;
				CLANG_WARN_DIRECT_OBJC_ISA_USAGE = YES_ERROR;
				CLANG_WARN_DOCUMENTATION_COMMENTS = YES;
				CLANG_WARN_EMPTY_BODY = YES;
				CLANG_WARN_ENUM_CONVERSION = YES;
				CLANG_WARN_INFINITE_RECURSION = YES;
				CLANG_WARN_INT_CONVERSION = YES;
				CLANG_WARN_NON_LITERAL_NULL_CONVERSION = YES;
				CLANG_WARN_OBJC_IMPLICIT_RETAIN_SELF = YES;
				CLANG_WARN_OBJC_LITERAL_CONVERSION = YES;
				CLANG_WARN_OBJC_ROOT_CLASS = YES_ERROR;
				CLANG_WARN_QUOTED_INCLUDE_IN_FRAMEWORK_HEADER = YES;
				CLANG_WARN_RANGE_LOOP_ANALYSIS = YES;
				CLANG_WARN_STRICT_PROTOTYPES = YES;
				CLANG_WARN_SUSPICIOUS_MOVE = YES;
				CLANG_WARN_UNGUARDED_AVAILABILITY = YES_AGGRESSIVE;
				CLANG_WARN_UNREACHABLE_CODE = YES;
				CLANG_WARN__DUPLICATE_METHOD_MATCH = YES;
				COPY_PHASE_STRIP = NO;
				DEBUG_INFORMATION_FORMAT = "dwarf-with-dsym";
				ENABLE_NS_ASSERTIONS = NO;
				ENABLE_STRICT_OBJC_MSGSEND = YES;
				ENABLE_USER_SCRIPT_SANDBOXING = YES;
				GCC_C_LANGUAGE_STANDARD = gnu17;
				GCC_NO_COMMON_BLOCKS = YES;
				GCC_WARN_64_TO_32_BIT_CONVERSION = YES;
				GCC_WARN_ABOUT_RETURN_TYPE = YES_ERROR;
				GCC_WARN_UNDECLARED_SELECTOR = YES;
				GCC_WARN_UNINITIALIZED_AUTOS = YES_AGGRESSIVE;
				GCC_WARN_UNUSED_FUNCTION = YES;
				GCC_WARN_UNUSED_VARIABLE = YES;
				IPHONEOS_DEPLOYMENT_TARGET = 15.0;
				LOCALIZATION_PREFERS_STRING_CATALOGS = YES;
				MTL_ENABLE_DEBUG_INFO = NO;
				MTL_FAST_MATH = YES;
				SDKROOT = iphoneos;
				SWIFT_COMPILATION_MODE = wholemodule;
				VALIDATE_PRODUCT = YES;
			};
			name = Release;
		};
		45CEE7272C1B876A00A148BB /* Debug */ = {
			isa = XCBuildConfiguration;
			buildSettings = {
				ASSETCATALOG_COMPILER_APPICON_NAME = AppIcon;
				ASSETCATALOG_COMPILER_GLOBAL_ACCENT_COLOR_NAME = AccentColor;
				CODE_SIGN_STYLE = Automatic;
				CURRENT_PROJECT_VERSION = 1;
				DEVELOPMENT_ASSET_PATHS = "\"ChatAssistExample/Preview Content\"";
				DEVELOPMENT_TEAM = K8339FZPMT;
				ENABLE_PREVIEWS = YES;
				GENERATE_INFOPLIST_FILE = YES;
				INFOPLIST_KEY_UIApplicationSceneManifest_Generation = YES;
				INFOPLIST_KEY_UIApplicationSupportsIndirectInputEvents = YES;
				INFOPLIST_KEY_UILaunchScreen_Generation = YES;
				INFOPLIST_KEY_UISupportedInterfaceOrientations_iPad = "UIInterfaceOrientationPortrait UIInterfaceOrientationPortraitUpsideDown UIInterfaceOrientationLandscapeLeft UIInterfaceOrientationLandscapeRight";
				INFOPLIST_KEY_UISupportedInterfaceOrientations_iPhone = "UIInterfaceOrientationPortrait UIInterfaceOrientationLandscapeLeft UIInterfaceOrientationLandscapeRight";
				LD_RUNPATH_SEARCH_PATHS = (
					"$(inherited)",
					"@executable_path/Frameworks",
				);
				MARKETING_VERSION = 1.0;
				PRODUCT_BUNDLE_IDENTIFIER = com.readyly.apps.ChatAssistExample;
				PRODUCT_NAME = "$(TARGET_NAME)";
				SWIFT_EMIT_LOC_STRINGS = YES;
				SWIFT_VERSION = 5.0;
				TARGETED_DEVICE_FAMILY = "1,2";
			};
			name = Debug;
		};
		45CEE7282C1B876A00A148BB /* Release */ = {
			isa = XCBuildConfiguration;
			buildSettings = {
				ASSETCATALOG_COMPILER_APPICON_NAME = AppIcon;
				ASSETCATALOG_COMPILER_GLOBAL_ACCENT_COLOR_NAME = AccentColor;
				CODE_SIGN_STYLE = Automatic;
				CURRENT_PROJECT_VERSION = 1;
				DEVELOPMENT_ASSET_PATHS = "\"ChatAssistExample/Preview Content\"";
				DEVELOPMENT_TEAM = K8339FZPMT;
				ENABLE_PREVIEWS = YES;
				GENERATE_INFOPLIST_FILE = YES;
				INFOPLIST_KEY_UIApplicationSceneManifest_Generation = YES;
				INFOPLIST_KEY_UIApplicationSupportsIndirectInputEvents = YES;
				INFOPLIST_KEY_UILaunchScreen_Generation = YES;
				INFOPLIST_KEY_UISupportedInterfaceOrientations_iPad = "UIInterfaceOrientationPortrait UIInterfaceOrientationPortraitUpsideDown UIInterfaceOrientationLandscapeLeft UIInterfaceOrientationLandscapeRight";
				INFOPLIST_KEY_UISupportedInterfaceOrientations_iPhone = "UIInterfaceOrientationPortrait UIInterfaceOrientationLandscapeLeft UIInterfaceOrientationLandscapeRight";
				LD_RUNPATH_SEARCH_PATHS = (
					"$(inherited)",
					"@executable_path/Frameworks",
				);
				MARKETING_VERSION = 1.0;
				PRODUCT_BUNDLE_IDENTIFIER = com.readyly.apps.ChatAssistExample;
				PRODUCT_NAME = "$(TARGET_NAME)";
				SWIFT_EMIT_LOC_STRINGS = YES;
				SWIFT_VERSION = 5.0;
				TARGETED_DEVICE_FAMILY = "1,2";
			};
			name = Release;
		};
/* End XCBuildConfiguration section */

/* Begin XCConfigurationList section */
		45CEE7132C1B876800A148BB /* Build configuration list for PBXProject "ChatAssistExample" */ = {
			isa = XCConfigurationList;
			buildConfigurations = (
				45CEE7242C1B876A00A148BB /* Debug */,
				45CEE7252C1B876A00A148BB /* Release */,
			);
			defaultConfigurationIsVisible = 0;
			defaultConfigurationName = Release;
		};
		45CEE7262C1B876A00A148BB /* Build configuration list for PBXNativeTarget "ChatAssistExample" */ = {
			isa = XCConfigurationList;
			buildConfigurations = (
				45CEE7272C1B876A00A148BB /* Debug */,
				45CEE7282C1B876A00A148BB /* Release */,
			);
			defaultConfigurationIsVisible = 0;
			defaultConfigurationName = Release;
		};
/* End XCConfigurationList section */

/* Begin XCRemoteSwiftPackageReference section */
		4545C62F2C5815BC00506C1B /* XCRemoteSwiftPackageReference "chatassist-sdk-ios" */ = {
			isa = XCRemoteSwiftPackageReference;
			repositoryURL = "https://github.com/Readyly/chatassist-sdk-ios.git";
			requirement = {
				kind = upToNextMajorVersion;
				minimumVersion = 0.1.2;
			};
		};
/* End XCRemoteSwiftPackageReference section */

/* Begin XCSwiftPackageProductDependency section */
		4545C6302C5815BC00506C1B /* ChatAssist */ = {
			isa = XCSwiftPackageProductDependency;
			package = 4545C62F2C5815BC00506C1B /* XCRemoteSwiftPackageReference "chatassist-sdk-ios" */;
			productName = ChatAssist;
		};
/* End XCSwiftPackageProductDependency section */
	};
	rootObject = 45CEE7102C1B876800A148BB /* Project object */;
}
